
Microsoft Visual Studio Solution File, Format Version 12.00
# Visual Studio 15
VisualStudioVersion = 15.0.27703.2018
MinimumVisualStudioVersion = 10.0.40219.1
Project("{8BC9CEB8-8B4A-11D0-8D11-00A0C91BC942}") = "RenderingEngine", "RenderingEngine.vcxproj", "{A18CE18B-EC31-44C0-9A00-A5F7504DEDE9}"
EndProject
Global
	GlobalSection(SolutionConfigurationPlatforms) = preSolution
		Debug|x64 = Debug|x64
		Debug|x86 = Debug|x86
		Release|x64 = Release|x64
		Release|x86 = Release|x86
	EndGlobalSection
	GlobalSection(ProjectConfigurationPlatforms) = postSolution
		{A18CE18B-EC31-44C0-9A00-A5F7504DEDE9}.Debug|x64.ActiveCfg = Debug|x64
		{A18CE18B-EC31-44C0-9A00-A5F7504DEDE9}.Debug|x64.Build.0 = Debug|x64
		{A18CE18B-EC31-44C0-9A00-A5F7504DEDE9}.Debug|x86.ActiveCfg = Debug|Win32
		{A18CE18B-EC31-44C0-9A00-A5F7504DEDE9}.Debug|x86.Build.0 = Debug|Win32
		{A18CE18B-EC31-44C0-9A00-A5F7504DEDE9}.Release|x64.ActiveCfg = Release|x64
		{A18CE18B-EC31-44C0-9A00-A5F7504DEDE9}.Release|x64.Build.0 = Release|x64
		{A18CE18B-EC31-44C0-9A00-A5F7504DEDE9}.Release|x86.ActiveCfg = Release|Win32
		{A18CE18B-EC31-44C0-9A00-A5F7504DEDE9}.Release|x86.Build.0 = Release|Win32
	EndGlobalSection
	GlobalSection(SolutionProperties) = preSolution
		HideSolutionNode = FALSE
	EndGlobalSection
	GlobalSection(ExtensibilityGlobals) = postSolution
		SolutionGuid = {8484407D-CE49-4892-980F-7B6469B63D52}
	EndGlobalSection
EndGlobal
